# THIS IS AN AUTOGENERATED FILE. DO NOT EDIT THIS FILE DIRECTLY.
# yarn lockfile v1


"@kurkle/color@^0.3.0":
  version "0.3.2"
  resolved "https://registry.yarnpkg.com/@kurkle/color/-/color-0.3.2.tgz#5acd38242e8bde4f9986e7913c8fdf49d3aa199f"
  integrity sha512-fuscdXJ9G1qb7W8VdHi+IwRqij3lBkosAm4ydQtEmbY58OzHXqQhvlxqEkoz0yssNVn38bcpRWgA9PP+OGoisw==

chart.js@^4.4.1:
  version "4.4.2"
  resolved "https://registry.yarnpkg.com/chart.js/-/chart.js-4.4.2.tgz#95962fa6430828ed325a480cc2d5f2b4e385ac31"
  integrity sha512-6GD7iKwFpP5kbSD4MeRRRlTnQvxfQREy36uEtm1hzHzcOqwWx0YEHuspuoNlslu+nciLIB7fjjsHkUv/FzFcOg==
  dependencies:
    "@kurkle/color" "^0.3.0"

stimulus-chartjs@^5.0.1:
  version "5.0.1"
  resolved "https://registry.yarnpkg.com/stimulus-chartjs/-/stimulus-chartjs-5.0.1.tgz#02f19355553d4738f8931b49217cfde09656717e"
  integrity sha512-kX/qskrWnGfdehpvfJQqJdxrCJfGSU3r5rLC7EyKBse0aT5v0vAMuYNSeINSoDJbZVxZBiVcejsPewYiR0R52g==
  dependencies:
    chart.js "^4.4.1"
